uuid: 54407099-57c6-4619-969e-55569c371970
langcode: en
status: true
dependencies:
  module:
    - movie_rating
    - node
  theme:
    - mytheme
id: mytheme_movieratingblock
theme: mytheme
region: sidebar_left
weight: -8
provider: null
plugin: movie_rating_block
settings:
  id: movie_rating_block
  label: 'Movie Rating Block'
  label_display: visible
  provider: movie_rating
visibility:
  'entity_bundle:node':
    id: 'entity_bundle:node'
    negate: false
    context_mapping:
      node: '@node.node_route_context:node'
    bundles:
      movies: movies
